
Microsoft Visual Studio Solution File, Format Version 12.00
# Visual Studio Version 17
VisualStudioVersion = 17.4.33213.308
MinimumVisualStudioVersion = 10.0.40219.1
Project("{FAE04EC0-301F-11D3-BF4B-00C04F79EFBC}") = "teszt", "teszt\teszt.csproj", "{B6FD49D1-021E-4FC5-9D28-FB9828CA7B01}"
EndProject
Global
	GlobalSection(SolutionConfigurationPlatforms) = preSolution
		Debug|Any CPU = Debug|Any CPU
		Release|Any CPU = Release|Any CPU
	EndGlobalSection
	GlobalSection(ProjectConfigurationPlatforms) = postSolution
		{B6FD49D1-021E-4FC5-9D28-FB9828CA7B01}.Debug|Any CPU.ActiveCfg = Debug|Any CPU
		{B6FD49D1-021E-4FC5-9D28-FB9828CA7B01}.Debug|Any CPU.Build.0 = Debug|Any CPU
		{B6FD49D1-021E-4FC5-9D28-FB9828CA7B01}.Release|Any CPU.ActiveCfg = Release|Any CPU
		{B6FD49D1-021E-4FC5-9D28-FB9828CA7B01}.Release|Any CPU.Build.0 = Release|Any CPU
	EndGlobalSection
	GlobalSection(SolutionProperties) = preSolution
		HideSolutionNode = FALSE
	EndGlobalSection
	GlobalSection(ExtensibilityGlobals) = postSolution
		SolutionGuid = {00325EC2-6CCD-423C-BE2C-8BBC5B5D7748}
	EndGlobalSection
EndGlobal
